
Microsoft Visual Studio Solution File, Format Version 12.00
# Visual Studio Version 17
VisualStudioVersion = 17.13.35913.81
MinimumVisualStudioVersion = 10.0.40219.1
Project("{FAE04EC0-301F-11D3-BF4B-00C04F79EFBC}") = "MyAPI", "MyAPI\MyAPI.csproj", "{CFE392F0-54FD-4F5B-B11A-C03E75D6436B}"
EndProject
Global
	GlobalSection(SolutionConfigurationPlatforms) = preSolution
		Debug|Any CPU = Debug|Any CPU
		Release|Any CPU = Release|Any CPU
	EndGlobalSection
	GlobalSection(ProjectConfigurationPlatforms) = postSolution
		{CFE392F0-54FD-4F5B-B11A-C03E75D6436B}.Debug|Any CPU.ActiveCfg = Debug|Any CPU
		{CFE392F0-54FD-4F5B-B11A-C03E75D6436B}.Debug|Any CPU.Build.0 = Debug|Any CPU
		{CFE392F0-54FD-4F5B-B11A-C03E75D6436B}.Release|Any CPU.ActiveCfg = Release|Any CPU
		{CFE392F0-54FD-4F5B-B11A-C03E75D6436B}.Release|Any CPU.Build.0 = Release|Any CPU
	EndGlobalSection
	GlobalSection(SolutionProperties) = preSolution
		HideSolutionNode = FALSE
	EndGlobalSection
	GlobalSection(ExtensibilityGlobals) = postSolution
		SolutionGuid = {C0D24C04-CB4C-4FC9-A334-8DDCC0F3F33E}
	EndGlobalSection
EndGlobal
